{
  "name": "arcticlang",
  "version": "0.0.6",
  "lockfileVersion": 3,
  "requires": true,
  "packages": {
    "": {
      "name": "arcticlang",
      "version": "0.0.6",
      "license": "MIT",
      "dependencies": {
        "arcticpackage": "^0.0.3"
      },
      "devDependencies": {
        "@types/node": "^18.14.1"
      }
    },
    "node_modules/@types/node": {
      "version": "18.14.1",
      "resolved": "https://registry.npmjs.org/@types/node/-/node-18.14.1.tgz",
      "integrity": "sha512-QH+37Qds3E0eDlReeboBxfHbX9omAcBCXEzswCu6jySP642jiM3cYSIkU/REqwhCUqXdonHFuBfJDiAJxMNhaQ==",
      "dev": true
    },
    "node_modules/arcticpackage": {
      "version": "0.0.3",
      "resolved": "https://registry.npmjs.org/arcticpackage/-/arcticpackage-0.0.3.tgz",
      "integrity": "sha512-HFMdT5R+Z/FMjQ7JRvH8FIlHs3H9PoM20E1H6UqhFDzKMcsRDMfOy/cZ/ARb6Hit5yDYvHD+F5YxuslxAruL9Q=="
    }
  }
}
